{
  "name": "csv-parse-wt",
  "version": "1.0.0",
  "lockfileVersion": 1,
  "requires": true,
  "dependencies": {
    "@types/node": {
      "version": "14.0.19",
      "resolved": "https://chu.jfrog.io/chu/api/npm/npm/@types/node/-/node-14.0.19.tgz",
      "integrity": "sha1-mU2ZcIgivKZDojZPiu7QShbg9aE=",
      "dev": true
    },
    "amdefine": {
      "version": "1.0.1",
      "resolved": "https://chu.jfrog.io/chu/api/npm/npm/amdefine/-/amdefine-1.0.1.tgz",
      "integrity": "sha1-SlKCrBZHKek2Gbz9OtFR+BfOkfU=",
      "dev": true
    },
    "arg": {
      "version": "4.1.3",
      "resolved": "https://chu.jfrog.io/chu/api/npm/npm/arg/-/arg-4.1.3.tgz",
      "integrity": "sha1-Jp/HrVuOQstjyJbVZmAXJhwUQIk="
    },
    "async": {
      "version": "0.2.10",
      "resolved": "https://chu.jfrog.io/chu/api/npm/npm/async/-/async-0.2.10.tgz",
      "integrity": "sha1-trvgsGdLnXGXCMo43owjfLUmw9E=",
      "dev": true
    },
    "buffer-from": {
      "version": "1.1.1",
      "resolved": "https://chu.jfrog.io/chu/api/npm/npm/buffer-from/-/buffer-from-1.1.1.tgz",
      "integrity": "sha1-MnE7wCj3XAL9txDXx7zsHyxgcO8="
    },
    "csv-parser": {
      "version": "2.3.3",
      "resolved": "https://chu.jfrog.io/chu/api/npm/npm/csv-parser/-/csv-parser-2.3.3.tgz",
      "integrity": "sha1-l4EgyhT4eaF6i5d9lEjapzijj2U=",
      "requires": {
        "minimist": "^1.2.0",
        "through2": "^3.0.1"
      }
    },
    "diff": {
      "version": "4.0.2",
      "resolved": "https://chu.jfrog.io/chu/api/npm/npm/diff/-/diff-4.0.2.tgz",
      "integrity": "sha1-YPOuy4nV+uUgwRqhnvwruYKq3n0="
    },
    "inherits": {
      "version": "2.0.4",
      "resolved": "https://chu.jfrog.io/chu/api/npm/npm/inherits/-/inherits-2.0.4.tgz",
      "integrity": "sha1-D6LGT5MpF8NDOg3tVTY6rjdBa3w="
    },
    "make-error": {
      "version": "1.3.6",
      "resolved": "https://chu.jfrog.io/chu/api/npm/npm/make-error/-/make-error-1.3.6.tgz",
      "integrity": "sha1-LrLjfqm2fEiR9oShOUeZr0hM96I="
    },
    "minimist": {
      "version": "1.2.5",
      "resolved": "https://chu.jfrog.io/chu/api/npm/npm/minimist/-/minimist-1.2.5.tgz",
      "integrity": "sha1-Z9ZgFLZqaoqqDAg8X9WN9OTpdgI="
    },
    "optimist": {
      "version": "0.3.7",
      "resolved": "https://chu.jfrog.io/chu/api/npm/npm/optimist/-/optimist-0.3.7.tgz",
      "integrity": "sha1-yQlBrVnkJzMokjB00s8ufLxuwNk=",
      "dev": true,
      "requires": {
        "wordwrap": "~0.0.2"
      }
    },
    "readable-stream": {
      "version": "3.6.0",
      "resolved": "https://chu.jfrog.io/chu/api/npm/npm/readable-stream/-/readable-stream-3.6.0.tgz",
      "integrity": "sha1-M3u9o63AcGvT4CRCaihtS0sskZg=",
      "requires": {
        "inherits": "^2.0.3",
        "string_decoder": "^1.1.1",
        "util-deprecate": "^1.0.1"
      }
    },
    "require": {
      "version": "2.4.20",
      "resolved": "https://chu.jfrog.io/chu/api/npm/npm/require/-/require-2.4.20.tgz",
      "integrity": "sha1-Zstrqqu2XeinHXk/XGX9GE83mLY=",
      "dev": true,
      "requires": {
        "std": "0.1.40",
        "uglify-js": "2.3.0"
      }
    },
    "safe-buffer": {
      "version": "5.2.1",
      "resolved": "https://chu.jfrog.io/chu/api/npm/npm/safe-buffer/-/safe-buffer-5.2.1.tgz",
      "integrity": "sha1-Hq+fqb2x/dTsdfWPnNtOa3gn7sY="
    },
    "source-map": {
      "version": "0.6.1",
      "resolved": "https://chu.jfrog.io/chu/api/npm/npm/source-map/-/source-map-0.6.1.tgz",
      "integrity": "sha1-dHIq8y6WFOnCh6jQu95IteLxomM="
    },
    "source-map-support": {
      "version": "0.5.19",
      "resolved": "https://chu.jfrog.io/chu/api/npm/npm/source-map-support/-/source-map-support-0.5.19.tgz",
      "integrity": "sha1-qYti+G3K9PZzmWSMCFKRq56P7WE=",
      "requires": {
        "buffer-from": "^1.0.0",
        "source-map": "^0.6.0"
      }
    },
    "std": {
      "version": "0.1.40",
      "resolved": "https://chu.jfrog.io/chu/api/npm/npm/std/-/std-0.1.40.tgz",
      "integrity": "sha1-Nnil9lCU2eG2teJu2/wCErg0K3E=",
      "dev": true
    },
    "string_decoder": {
      "version": "1.3.0",
      "resolved": "https://chu.jfrog.io/chu/api/npm/npm/string_decoder/-/string_decoder-1.3.0.tgz",
      "integrity": "sha1-QvEUWUpGzxqOMLCoT1bHjD7awh4=",
      "requires": {
        "safe-buffer": "~5.2.0"
      }
    },
    "through2": {
      "version": "3.0.2",
      "resolved": "https://chu.jfrog.io/chu/api/npm/npm/through2/-/through2-3.0.2.tgz",
      "integrity": "sha1-mfiJMc/HYex2eLQdXXM2tbage/Q=",
      "requires": {
        "inherits": "^2.0.4",
        "readable-stream": "2 || 3"
      }
    },
    "ts-node": {
      "version": "8.10.2",
      "resolved": "https://chu.jfrog.io/chu/api/npm/npm/ts-node/-/ts-node-8.10.2.tgz",
      "integrity": "sha1-7uA3ZGM7EjTd03+NuewQt17H+40=",
      "requires": {
        "arg": "^4.1.0",
        "diff": "^4.0.1",
        "make-error": "^1.1.1",
        "source-map-support": "^0.5.17",
        "yn": "3.1.1"
      }
    },
    "typescript": {
      "version": "3.9.6",
      "resolved": "https://chu.jfrog.io/chu/api/npm/npm/typescript/-/typescript-3.9.6.tgz",
      "integrity": "sha1-jz4BmKNMOuFwkbNVcdOv0xmZNlo=",
      "dev": true
    },
    "uglify-js": {
      "version": "2.3.0",
      "resolved": "https://chu.jfrog.io/chu/api/npm/npm/uglify-js/-/uglify-js-2.3.0.tgz",
      "integrity": "sha1-LN7BbTeKiituz7aYl4TPi3rlSR8=",
      "dev": true,
      "requires": {
        "async": "~0.2.6",
        "optimist": "~0.3.5",
        "source-map": "~0.1.7"
      },
      "dependencies": {
        "source-map": {
          "version": "0.1.43",
          "resolved": "https://chu.jfrog.io/chu/api/npm/npm/source-map/-/source-map-0.1.43.tgz",
          "integrity": "sha1-wkvBRspRfBRx9drL4lcbK3+eM0Y=",
          "dev": true,
          "requires": {
            "amdefine": ">=0.0.4"
          }
        }
      }
    },
    "util-deprecate": {
      "version": "1.0.2",
      "resolved": "https://chu.jfrog.io/chu/api/npm/npm/util-deprecate/-/util-deprecate-1.0.2.tgz",
      "integrity": "sha1-RQ1Nyfpw3nMnYvvS1KKJgUGaDM8="
    },
    "wordwrap": {
      "version": "0.0.3",
      "resolved": "https://chu.jfrog.io/chu/api/npm/npm/wordwrap/-/wordwrap-0.0.3.tgz",
      "integrity": "sha1-o9XabNXAvAAI03I0u68b7WMFkQc=",
      "dev": true
    },
    "yn": {
      "version": "3.1.1",
      "resolved": "https://chu.jfrog.io/chu/api/npm/npm/yn/-/yn-3.1.1.tgz",
      "integrity": "sha1-HodAGgnXZ8HV6rJqbkwYUYLS61A="
    }
  }
}
